
Microsoft Visual Studio Solution File, Format Version 12.00
# Visual Studio Version 17
VisualStudioVersion = 17.8.34330.188
MinimumVisualStudioVersion = 10.0.40219.1
Project("{FAE04EC0-301F-11D3-BF4B-00C04F79EFBC}") = "MoisesSanchezExamen", "MoisesSanchezExamen.csproj", "{9E11379A-D78B-4AB6-ABEC-DBD35862441F}"
EndProject
Global
	GlobalSection(SolutionConfigurationPlatforms) = preSolution
		Debug|Any CPU = Debug|Any CPU
		Release|Any CPU = Release|Any CPU
	EndGlobalSection
	GlobalSection(ProjectConfigurationPlatforms) = postSolution
		{9E11379A-D78B-4AB6-ABEC-DBD35862441F}.Debug|Any CPU.ActiveCfg = Debug|Any CPU
		{9E11379A-D78B-4AB6-ABEC-DBD35862441F}.Debug|Any CPU.Build.0 = Debug|Any CPU
		{9E11379A-D78B-4AB6-ABEC-DBD35862441F}.Debug|Any CPU.Deploy.0 = Debug|Any CPU
		{9E11379A-D78B-4AB6-ABEC-DBD35862441F}.Release|Any CPU.ActiveCfg = Release|Any CPU
		{9E11379A-D78B-4AB6-ABEC-DBD35862441F}.Release|Any CPU.Build.0 = Release|Any CPU
		{9E11379A-D78B-4AB6-ABEC-DBD35862441F}.Release|Any CPU.Deploy.0 = Release|Any CPU
	EndGlobalSection
	GlobalSection(SolutionProperties) = preSolution
		HideSolutionNode = FALSE
	EndGlobalSection
	GlobalSection(ExtensibilityGlobals) = postSolution
		SolutionGuid = {A608DC09-6B7B-45C8-B122-72C530089BF8}
	EndGlobalSection
EndGlobal
